
Microsoft Visual Studio Solution File, Format Version 12.00
# Visual Studio 15
VisualStudioVersion = 15.0.28307.136
MinimumVisualStudioVersion = 10.0.40219.1
Project("{FAE04EC0-301F-11D3-BF4B-00C04F79EFBC}") = "App1.Android", "App1\App1.Android\App1.Android.csproj", "{72162DD0-2F53-456C-8C3B-DCFE563A2D62}"
EndProject
Project("{FAE04EC0-301F-11D3-BF4B-00C04F79EFBC}") = "App1.iOS", "App1\App1.iOS\App1.iOS.csproj", "{7C345D49-D762-487D-932B-2327D36DD50C}"
EndProject
Project("{FAE04EC0-301F-11D3-BF4B-00C04F79EFBC}") = "App1.UWP", "App1\App1.UWP\App1.UWP.csproj", "{3F2EC8C0-8B2C-491C-A2BF-6263E92881BE}"
EndProject
Project("{FAE04EC0-301F-11D3-BF4B-00C04F79EFBC}") = "App1", "App1\App1\App1.csproj", "{F81BA63B-F46A-4973-A134-1D25DE77E672}"
EndProject
Global
	GlobalSection(SolutionConfigurationPlatforms) = preSolution
		Ad-Hoc|Any CPU = Ad-Hoc|Any CPU
		Ad-Hoc|ARM = Ad-Hoc|ARM
		Ad-Hoc|iPhone = Ad-Hoc|iPhone
		Ad-Hoc|iPhoneSimulator = Ad-Hoc|iPhoneSimulator
		Ad-Hoc|x64 = Ad-Hoc|x64
		Ad-Hoc|x86 = Ad-Hoc|x86
		AppStore|Any CPU = AppStore|Any CPU
		AppStore|ARM = AppStore|ARM
		AppStore|iPhone = AppStore|iPhone
		AppStore|iPhoneSimulator = AppStore|iPhoneSimulator
		AppStore|x64 = AppStore|x64
		AppStore|x86 = AppStore|x86
		Debug|Any CPU = Debug|Any CPU
		Debug|ARM = Debug|ARM
		Debug|iPhone = Debug|iPhone
		Debug|iPhoneSimulator = Debug|iPhoneSimulator
		Debug|x64 = Debug|x64
		Debug|x86 = Debug|x86
		Release|Any CPU = Release|Any CPU
		Release|ARM = Release|ARM
		Release|iPhone = Release|iPhone
		Release|iPhoneSimulator = Release|iPhoneSimulator
		Release|x64 = Release|x64
		Release|x86 = Release|x86
	EndGlobalSection
	GlobalSection(ProjectConfigurationPlatforms) = postSolution
		{72162DD0-2F53-456C-8C3B-DCFE563A2D62}.Ad-Hoc|Any CPU.ActiveCfg = Release|Any CPU
		{72162DD0-2F53-456C-8C3B-DCFE563A2D62}.Ad-Hoc|Any CPU.Build.0 = Release|Any CPU
		{72162DD0-2F53-456C-8C3B-DCFE563A2D62}.Ad-Hoc|Any CPU.Deploy.0 = Release|Any CPU
		{72162DD0-2F53-456C-8C3B-DCFE563A2D62}.Ad-Hoc|ARM.ActiveCfg = Release|Any CPU
		{72162DD0-2F53-456C-8C3B-DCFE563A2D62}.Ad-Hoc|ARM.Build.0 = Release|Any CPU
		{72162DD0-2F53-456C-8C3B-DCFE563A2D62}.Ad-Hoc|ARM.Deploy.0 = Release|Any CPU
		{72162DD0-2F53-456C-8C3B-DCFE563A2D62}.Ad-Hoc|iPhone.ActiveCfg = Release|Any CPU
		{72162DD0-2F53-456C-8C3B-DCFE563A2D62}.Ad-Hoc|iPhone.Build.0 = Release|Any CPU
		{72162DD0-2F53-456C-8C3B-DCFE563A2D62}.Ad-Hoc|iPhone.Deploy.0 = Release|Any CPU
		{72162DD0-2F53-456C-8C3B-DCFE563A2D62}.Ad-Hoc|iPhoneSimulator.ActiveCfg = Release|Any CPU
		{72162DD0-2F53-456C-8C3B-DCFE563A2D62}.Ad-Hoc|iPhoneSimulator.Build.0 = Release|Any CPU
		{72162DD0-2F53-456C-8C3B-DCFE563A2D62}.Ad-Hoc|iPhoneSimulator.Deploy.0 = Release|Any CPU
		{72162DD0-2F53-456C-8C3B-DCFE563A2D62}.Ad-Hoc|x64.ActiveCfg = Release|Any CPU
		{72162DD0-2F53-456C-8C3B-DCFE563A2D62}.Ad-Hoc|x64.Build.0 = Release|Any CPU
		{72162DD0-2F53-456C-8C3B-DCFE563A2D62}.Ad-Hoc|x64.Deploy.0 = Release|Any CPU
		{72162DD0-2F53-456C-8C3B-DCFE563A2D62}.Ad-Hoc|x86.ActiveCfg = Release|Any CPU
		{72162DD0-2F53-456C-8C3B-DCFE563A2D62}.Ad-Hoc|x86.Build.0 = Release|Any CPU
		{72162DD0-2F53-456C-8C3B-DCFE563A2D62}.Ad-Hoc|x86.Deploy.0 = Release|Any CPU
		{72162DD0-2F53-456C-8C3B-DCFE563A2D62}.AppStore|Any CPU.ActiveCfg = Release|Any CPU
		{72162DD0-2F53-456C-8C3B-DCFE563A2D62}.AppStore|Any CPU.Build.0 = Release|Any CPU
		{72162DD0-2F53-456C-8C3B-DCFE563A2D62}.AppStore|Any CPU.Deploy.0 = Release|Any CPU
		{72162DD0-2F53-456C-8C3B-DCFE563A2D62}.AppStore|ARM.ActiveCfg = Release|Any CPU
		{72162DD0-2F53-456C-8C3B-DCFE563A2D62}.AppStore|ARM.Build.0 = Release|Any CPU
		{72162DD0-2F53-456C-8C3B-DCFE563A2D62}.AppStore|ARM.Deploy.0 = Release|Any CPU
		{72162DD0-2F53-456C-8C3B-DCFE563A2D62}.AppStore|iPhone.ActiveCfg = Release|Any CPU
		{72162DD0-2F53-456C-8C3B-DCFE563A2D62}.AppStore|iPhone.Build.0 = Release|Any CPU
		{72162DD0-2F53-456C-8C3B-DCFE563A2D62}.AppStore|iPhone.Deploy.0 = Release|Any CPU
		{72162DD0-2F53-456C-8C3B-DCFE563A2D62}.AppStore|iPhoneSimulator.ActiveCfg = Release|Any CPU
		{72162DD0-2F53-456C-8C3B-DCFE563A2D62}.AppStore|iPhoneSimulator.Build.0 = Release|Any CPU
		{72162DD0-2F53-456C-8C3B-DCFE563A2D62}.AppStore|iPhoneSimulator.Deploy.0 = Release|Any CPU
		{72162DD0-2F53-456C-8C3B-DCFE563A2D62}.AppStore|x64.ActiveCfg = Release|Any CPU
		{72162DD0-2F53-456C-8C3B-DCFE563A2D62}.AppStore|x64.Build.0 = Release|Any CPU
		{72162DD0-2F53-456C-8C3B-DCFE563A2D62}.AppStore|x64.Deploy.0 = Release|Any CPU
		{72162DD0-2F53-456C-8C3B-DCFE563A2D62}.AppStore|x86.ActiveCfg = Release|Any CPU
		{72162DD0-2F53-456C-8C3B-DCFE563A2D62}.AppStore|x86.Build.0 = Release|Any CPU
		{72162DD0-2F53-456C-8C3B-DCFE563A2D62}.AppStore|x86.Deploy.0 = Release|Any CPU
		{72162DD0-2F53-456C-8C3B-DCFE563A2D62}.Debug|Any CPU.ActiveCfg = Debug|Any CPU
		{72162DD0-2F53-456C-8C3B-DCFE563A2D62}.Debug|Any CPU.Build.0 = Debug|Any CPU
		{72162DD0-2F53-456C-8C3B-DCFE563A2D62}.Debug|Any CPU.Deploy.0 = Debug|Any CPU
		{72162DD0-2F53-456C-8C3B-DCFE563A2D62}.Debug|ARM.ActiveCfg = Debug|Any CPU
		{72162DD0-2F53-456C-8C3B-DCFE563A2D62}.Debug|ARM.Build.0 = Debug|Any CPU
		{72162DD0-2F53-456C-8C3B-DCFE563A2D62}.Debug|ARM.Deploy.0 = Debug|Any CPU
		{72162DD0-2F53-456C-8C3B-DCFE563A2D62}.Debug|iPhone.ActiveCfg = Debug|Any CPU
		{72162DD0-2F53-456C-8C3B-DCFE563A2D62}.Debug|iPhone.Build.0 = Debug|Any CPU
		{72162DD0-2F53-456C-8C3B-DCFE563A2D62}.Debug|iPhone.Deploy.0 = Debug|Any CPU
		{72162DD0-2F53-456C-8C3B-DCFE563A2D62}.Debug|iPhoneSimulator.ActiveCfg = Debug|Any CPU
		{72162DD0-2F53-456C-8C3B-DCFE563A2D62}.Debug|iPhoneSimulator.Build.0 = Debug|Any CPU
		{72162DD0-2F53-456C-8C3B-DCFE563A2D62}.Debug|iPhoneSimulator.Deploy.0 = Debug|Any CPU
		{72162DD0-2F53-456C-8C3B-DCFE563A2D62}.Debug|x64.ActiveCfg = Debug|Any CPU
		{72162DD0-2F53-456C-8C3B-DCFE563A2D62}.Debug|x64.Build.0 = Debug|Any CPU
		{72162DD0-2F53-456C-8C3B-DCFE563A2D62}.Debug|x64.Deploy.0 = Debug|Any CPU
		{72162DD0-2F53-456C-8C3B-DCFE563A2D62}.Debug|x86.ActiveCfg = Debug|Any CPU
		{72162DD0-2F53-456C-8C3B-DCFE563A2D62}.Debug|x86.Build.0 = Debug|Any CPU
		{72162DD0-2F53-456C-8C3B-DCFE563A2D62}.Debug|x86.Deploy.0 = Debug|Any CPU
		{72162DD0-2F53-456C-8C3B-DCFE563A2D62}.Release|Any CPU.ActiveCfg = Release|Any CPU
		{72162DD0-2F53-456C-8C3B-DCFE563A2D62}.Release|Any CPU.Build.0 = Release|Any CPU
		{72162DD0-2F53-456C-8C3B-DCFE563A2D62}.Release|Any CPU.Deploy.0 = Release|Any CPU
		{72162DD0-2F53-456C-8C3B-DCFE563A2D62}.Release|ARM.ActiveCfg = Release|Any CPU
		{72162DD0-2F53-456C-8C3B-DCFE563A2D62}.Release|ARM.Build.0 = Release|Any CPU
		{72162DD0-2F53-456C-8C3B-DCFE563A2D62}.Release|ARM.Deploy.0 = Release|Any CPU
		{72162DD0-2F53-456C-8C3B-DCFE563A2D62}.Release|iPhone.ActiveCfg = Release|Any CPU
		{72162DD0-2F53-456C-8C3B-DCFE563A2D62}.Release|iPhone.Build.0 = Release|Any CPU
		{72162DD0-2F53-456C-8C3B-DCFE563A2D62}.Release|iPhone.Deploy.0 = Release|Any CPU
		{72162DD0-2F53-456C-8C3B-DCFE563A2D62}.Release|iPhoneSimulator.ActiveCfg = Release|Any CPU
		{72162DD0-2F53-456C-8C3B-DCFE563A2D62}.Release|iPhoneSimulator.Build.0 = Release|Any CPU
		{72162DD0-2F53-456C-8C3B-DCFE563A2D62}.Release|iPhoneSimulator.Deploy.0 = Release|Any CPU
		{72162DD0-2F53-456C-8C3B-DCFE563A2D62}.Release|x64.ActiveCfg = Release|Any CPU
		{72162DD0-2F53-456C-8C3B-DCFE563A2D62}.Release|x64.Build.0 = Release|Any CPU
		{72162DD0-2F53-456C-8C3B-DCFE563A2D62}.Release|x64.Deploy.0 = Release|Any CPU
		{72162DD0-2F53-456C-8C3B-DCFE563A2D62}.Release|x86.ActiveCfg = Release|Any CPU
		{72162DD0-2F53-456C-8C3B-DCFE563A2D62}.Release|x86.Build.0 = Release|Any CPU
		{72162DD0-2F53-456C-8C3B-DCFE563A2D62}.Release|x86.Deploy.0 = Release|Any CPU
		{7C345D49-D762-487D-932B-2327D36DD50C}.Ad-Hoc|Any CPU.ActiveCfg = Ad-Hoc|iPhone
		{7C345D49-D762-487D-932B-2327D36DD50C}.Ad-Hoc|Any CPU.Build.0 = Ad-Hoc|iPhone
		{7C345D49-D762-487D-932B-2327D36DD50C}.Ad-Hoc|Any CPU.Deploy.0 = Ad-Hoc|iPhone
		{7C345D49-D762-487D-932B-2327D36DD50C}.Ad-Hoc|ARM.ActiveCfg = Ad-Hoc|iPhone
		{7C345D49-D762-487D-932B-2327D36DD50C}.Ad-Hoc|ARM.Build.0 = Ad-Hoc|iPhone
		{7C345D49-D762-487D-932B-2327D36DD50C}.Ad-Hoc|ARM.Deploy.0 = Ad-Hoc|iPhone
		{7C345D49-D762-487D-932B-2327D36DD50C}.Ad-Hoc|iPhone.ActiveCfg = Ad-Hoc|iPhone
		{7C345D49-D762-487D-932B-2327D36DD50C}.Ad-Hoc|iPhone.Build.0 = Ad-Hoc|iPhone
		{7C345D49-D762-487D-932B-2327D36DD50C}.Ad-Hoc|iPhone.Deploy.0 = Ad-Hoc|iPhone
		{7C345D49-D762-487D-932B-2327D36DD50C}.Ad-Hoc|iPhoneSimulator.ActiveCfg = Ad-Hoc|iPhoneSimulator
		{7C345D49-D762-487D-932B-2327D36DD50C}.Ad-Hoc|iPhoneSimulator.Build.0 = Ad-Hoc|iPhoneSimulator
		{7C345D49-D762-487D-932B-2327D36DD50C}.Ad-Hoc|iPhoneSimulator.Deploy.0 = Ad-Hoc|iPhoneSimulator
		{7C345D49-D762-487D-932B-2327D36DD50C}.Ad-Hoc|x64.ActiveCfg = Ad-Hoc|iPhone
		{7C345D49-D762-487D-932B-2327D36DD50C}.Ad-Hoc|x64.Build.0 = Ad-Hoc|iPhone
		{7C345D49-D762-487D-932B-2327D36DD50C}.Ad-Hoc|x64.Deploy.0 = Ad-Hoc|iPhone
		{7C345D49-D762-487D-932B-2327D36DD50C}.Ad-Hoc|x86.ActiveCfg = Ad-Hoc|iPhone
		{7C345D49-D762-487D-932B-2327D36DD50C}.Ad-Hoc|x86.Build.0 = Ad-Hoc|iPhone
		{7C345D49-D762-487D-932B-2327D36DD50C}.Ad-Hoc|x86.Deploy.0 = Ad-Hoc|iPhone
		{7C345D49-D762-487D-932B-2327D36DD50C}.AppStore|Any CPU.ActiveCfg = AppStore|iPhone
		{7C345D49-D762-487D-932B-2327D36DD50C}.AppStore|Any CPU.Build.0 = AppStore|iPhone
		{7C345D49-D762-487D-932B-2327D36DD50C}.AppStore|Any CPU.Deploy.0 = AppStore|iPhone
		{7C345D49-D762-487D-932B-2327D36DD50C}.AppStore|ARM.ActiveCfg = AppStore|iPhone
		{7C345D49-D762-487D-932B-2327D36DD50C}.AppStore|ARM.Build.0 = AppStore|iPhone
		{7C345D49-D762-487D-932B-2327D36DD50C}.AppStore|ARM.Deploy.0 = AppStore|iPhone
		{7C345D49-D762-487D-932B-2327D36DD50C}.AppStore|iPhone.ActiveCfg = AppStore|iPhone
		{7C345D49-D762-487D-932B-2327D36DD50C}.AppStore|iPhone.Build.0 = AppStore|iPhone
		{7C345D49-D762-487D-932B-2327D36DD50C}.AppStore|iPhone.Deploy.0 = AppStore|iPhone
		{7C345D49-D762-487D-932B-2327D36DD50C}.AppStore|iPhoneSimulator.ActiveCfg = AppStore|iPhoneSimulator
		{7C345D49-D762-487D-932B-2327D36DD50C}.AppStore|iPhoneSimulator.Build.0 = AppStore|iPhoneSimulator
		{7C345D49-D762-487D-932B-2327D36DD50C}.AppStore|iPhoneSimulator.Deploy.0 = AppStore|iPhoneSimulator
		{7C345D49-D762-487D-932B-2327D36DD50C}.AppStore|x64.ActiveCfg = AppStore|iPhone
		{7C345D49-D762-487D-932B-2327D36DD50C}.AppStore|x64.Build.0 = AppStore|iPhone
		{7C345D49-D762-487D-932B-2327D36DD50C}.AppStore|x64.Deploy.0 = AppStore|iPhone
		{7C345D49-D762-487D-932B-2327D36DD50C}.AppStore|x86.ActiveCfg = AppStore|iPhone
		{7C345D49-D762-487D-932B-2327D36DD50C}.AppStore|x86.Build.0 = AppStore|iPhone
		{7C345D49-D762-487D-932B-2327D36DD50C}.AppStore|x86.Deploy.0 = AppStore|iPhone
		{7C345D49-D762-487D-932B-2327D36DD50C}.Debug|Any CPU.ActiveCfg = Debug|iPhoneSimulator
		{7C345D49-D762-487D-932B-2327D36DD50C}.Debug|Any CPU.Build.0 = Debug|iPhoneSimulator
		{7C345D49-D762-487D-932B-2327D36DD50C}.Debug|Any CPU.Deploy.0 = Debug|iPhoneSimulator
		{7C345D49-D762-487D-932B-2327D36DD50C}.Debug|ARM.ActiveCfg = Debug|iPhone
		{7C345D49-D762-487D-932B-2327D36DD50C}.Debug|ARM.Build.0 = Debug|iPhone
		{7C345D49-D762-487D-932B-2327D36DD50C}.Debug|ARM.Deploy.0 = Debug|iPhone
		{7C345D49-D762-487D-932B-2327D36DD50C}.Debug|iPhone.ActiveCfg = Debug|iPhone
		{7C345D49-D762-487D-932B-2327D36DD50C}.Debug|iPhone.Build.0 = Debug|iPhone
		{7C345D49-D762-487D-932B-2327D36DD50C}.Debug|iPhone.Deploy.0 = Debug|iPhone
		{7C345D49-D762-487D-932B-2327D36DD50C}.Debug|iPhoneSimulator.ActiveCfg = Debug|iPhoneSimulator
		{7C345D49-D762-487D-932B-2327D36DD50C}.Debug|iPhoneSimulator.Build.0 = Debug|iPhoneSimulator
		{7C345D49-D762-487D-932B-2327D36DD50C}.Debug|iPhoneSimulator.Deploy.0 = Debug|iPhoneSimulator
		{7C345D49-D762-487D-932B-2327D36DD50C}.Debug|x64.ActiveCfg = Debug|iPhone
		{7C345D49-D762-487D-932B-2327D36DD50C}.Debug|x64.Build.0 = Debug|iPhone
		{7C345D49-D762-487D-932B-2327D36DD50C}.Debug|x64.Deploy.0 = Debug|iPhone
		{7C345D49-D762-487D-932B-2327D36DD50C}.Debug|x86.ActiveCfg = Debug|iPhone
		{7C345D49-D762-487D-932B-2327D36DD50C}.Debug|x86.Build.0 = Debug|iPhone
		{7C345D49-D762-487D-932B-2327D36DD50C}.Debug|x86.Deploy.0 = Debug|iPhone
		{7C345D49-D762-487D-932B-2327D36DD50C}.Release|Any CPU.ActiveCfg = Release|iPhone
		{7C345D49-D762-487D-932B-2327D36DD50C}.Release|Any CPU.Build.0 = Release|iPhone
		{7C345D49-D762-487D-932B-2327D36DD50C}.Release|Any CPU.Deploy.0 = Release|iPhone
		{7C345D49-D762-487D-932B-2327D36DD50C}.Release|ARM.ActiveCfg = Release|iPhone
		{7C345D49-D762-487D-932B-2327D36DD50C}.Release|ARM.Build.0 = Release|iPhone
		{7C345D49-D762-487D-932B-2327D36DD50C}.Release|ARM.Deploy.0 = Release|iPhone
		{7C345D49-D762-487D-932B-2327D36DD50C}.Release|iPhone.ActiveCfg = Release|iPhone
		{7C345D49-D762-487D-932B-2327D36DD50C}.Release|iPhone.Build.0 = Release|iPhone
		{7C345D49-D762-487D-932B-2327D36DD50C}.Release|iPhone.Deploy.0 = Release|iPhone
		{7C345D49-D762-487D-932B-2327D36DD50C}.Release|iPhoneSimulator.ActiveCfg = Release|iPhoneSimulator
		{7C345D49-D762-487D-932B-2327D36DD50C}.Release|iPhoneSimulator.Build.0 = Release|iPhoneSimulator
		{7C345D49-D762-487D-932B-2327D36DD50C}.Release|iPhoneSimulator.Deploy.0 = Release|iPhoneSimulator
		{7C345D49-D762-487D-932B-2327D36DD50C}.Release|x64.ActiveCfg = Release|iPhone
		{7C345D49-D762-487D-932B-2327D36DD50C}.Release|x64.Build.0 = Release|iPhone
		{7C345D49-D762-487D-932B-2327D36DD50C}.Release|x64.Deploy.0 = Release|iPhone
		{7C345D49-D762-487D-932B-2327D36DD50C}.Release|x86.ActiveCfg = Release|iPhone
		{7C345D49-D762-487D-932B-2327D36DD50C}.Release|x86.Build.0 = Release|iPhone
		{7C345D49-D762-487D-932B-2327D36DD50C}.Release|x86.Deploy.0 = Release|iPhone
		{3F2EC8C0-8B2C-491C-A2BF-6263E92881BE}.Ad-Hoc|Any CPU.ActiveCfg = Release|x86
		{3F2EC8C0-8B2C-491C-A2BF-6263E92881BE}.Ad-Hoc|Any CPU.Build.0 = Release|x86
		{3F2EC8C0-8B2C-491C-A2BF-6263E92881BE}.Ad-Hoc|Any CPU.Deploy.0 = Release|x86
		{3F2EC8C0-8B2C-491C-A2BF-6263E92881BE}.Ad-Hoc|ARM.ActiveCfg = Release|ARM
		{3F2EC8C0-8B2C-491C-A2BF-6263E92881BE}.Ad-Hoc|ARM.Build.0 = Release|ARM
		{3F2EC8C0-8B2C-491C-A2BF-6263E92881BE}.Ad-Hoc|ARM.Deploy.0 = Release|ARM
		{3F2EC8C0-8B2C-491C-A2BF-6263E92881BE}.Ad-Hoc|iPhone.ActiveCfg = Release|x86
		{3F2EC8C0-8B2C-491C-A2BF-6263E92881BE}.Ad-Hoc|iPhone.Build.0 = Release|x86
		{3F2EC8C0-8B2C-491C-A2BF-6263E92881BE}.Ad-Hoc|iPhone.Deploy.0 = Release|x86
		{3F2EC8C0-8B2C-491C-A2BF-6263E92881BE}.Ad-Hoc|iPhoneSimulator.ActiveCfg = Release|x86
		{3F2EC8C0-8B2C-491C-A2BF-6263E92881BE}.Ad-Hoc|iPhoneSimulator.Build.0 = Release|x86
		{3F2EC8C0-8B2C-491C-A2BF-6263E92881BE}.Ad-Hoc|iPhoneSimulator.Deploy.0 = Release|x86
		{3F2EC8C0-8B2C-491C-A2BF-6263E92881BE}.Ad-Hoc|x64.ActiveCfg = Release|x64
		{3F2EC8C0-8B2C-491C-A2BF-6263E92881BE}.Ad-Hoc|x64.Build.0 = Release|x64
		{3F2EC8C0-8B2C-491C-A2BF-6263E92881BE}.Ad-Hoc|x64.Deploy.0 = Release|x64
		{3F2EC8C0-8B2C-491C-A2BF-6263E92881BE}.Ad-Hoc|x86.ActiveCfg = Release|x86
		{3F2EC8C0-8B2C-491C-A2BF-6263E92881BE}.Ad-Hoc|x86.Build.0 = Release|x86
		{3F2EC8C0-8B2C-491C-A2BF-6263E92881BE}.Ad-Hoc|x86.Deploy.0 = Release|x86
		{3F2EC8C0-8B2C-491C-A2BF-6263E92881BE}.AppStore|Any CPU.ActiveCfg = Release|x86
		{3F2EC8C0-8B2C-491C-A2BF-6263E92881BE}.AppStore|Any CPU.Build.0 = Release|x86
		{3F2EC8C0-8B2C-491C-A2BF-6263E92881BE}.AppStore|Any CPU.Deploy.0 = Release|x86
		{3F2EC8C0-8B2C-491C-A2BF-6263E92881BE}.AppStore|ARM.ActiveCfg = Release|ARM
		{3F2EC8C0-8B2C-491C-A2BF-6263E92881BE}.AppStore|ARM.Build.0 = Release|ARM
		{3F2EC8C0-8B2C-491C-A2BF-6263E92881BE}.AppStore|ARM.Deploy.0 = Release|ARM
		{3F2EC8C0-8B2C-491C-A2BF-6263E92881BE}.AppStore|iPhone.ActiveCfg = Release|x86
		{3F2EC8C0-8B2C-491C-A2BF-6263E92881BE}.AppStore|iPhone.Build.0 = Release|x86
		{3F2EC8C0-8B2C-491C-A2BF-6263E92881BE}.AppStore|iPhone.Deploy.0 = Release|x86
		{3F2EC8C0-8B2C-491C-A2BF-6263E92881BE}.AppStore|iPhoneSimulator.ActiveCfg = Release|x86
		{3F2EC8C0-8B2C-491C-A2BF-6263E92881BE}.AppStore|iPhoneSimulator.Build.0 = Release|x86
		{3F2EC8C0-8B2C-491C-A2BF-6263E92881BE}.AppStore|iPhoneSimulator.Deploy.0 = Release|x86
		{3F2EC8C0-8B2C-491C-A2BF-6263E92881BE}.AppStore|x64.ActiveCfg = Release|x64
		{3F2EC8C0-8B2C-491C-A2BF-6263E92881BE}.AppStore|x64.Build.0 = Release|x64
		{3F2EC8C0-8B2C-491C-A2BF-6263E92881BE}.AppStore|x64.Deploy.0 = Release|x64
		{3F2EC8C0-8B2C-491C-A2BF-6263E92881BE}.AppStore|x86.ActiveCfg = Release|x86
		{3F2EC8C0-8B2C-491C-A2BF-6263E92881BE}.AppStore|x86.Build.0 = Release|x86
		{3F2EC8C0-8B2C-491C-A2BF-6263E92881BE}.AppStore|x86.Deploy.0 = Release|x86
		{3F2EC8C0-8B2C-491C-A2BF-6263E92881BE}.Debug|Any CPU.ActiveCfg = Debug|x86
		{3F2EC8C0-8B2C-491C-A2BF-6263E92881BE}.Debug|Any CPU.Build.0 = Debug|x86
		{3F2EC8C0-8B2C-491C-A2BF-6263E92881BE}.Debug|Any CPU.Deploy.0 = Debug|x86
		{3F2EC8C0-8B2C-491C-A2BF-6263E92881BE}.Debug|ARM.ActiveCfg = Debug|ARM
		{3F2EC8C0-8B2C-491C-A2BF-6263E92881BE}.Debug|ARM.Build.0 = Debug|ARM
		{3F2EC8C0-8B2C-491C-A2BF-6263E92881BE}.Debug|ARM.Deploy.0 = Debug|ARM
		{3F2EC8C0-8B2C-491C-A2BF-6263E92881BE}.Debug|iPhone.ActiveCfg = Debug|x86
		{3F2EC8C0-8B2C-491C-A2BF-6263E92881BE}.Debug|iPhone.Build.0 = Debug|x86
		{3F2EC8C0-8B2C-491C-A2BF-6263E92881BE}.Debug|iPhone.Deploy.0 = Debug|x86
		{3F2EC8C0-8B2C-491C-A2BF-6263E92881BE}.Debug|iPhoneSimulator.ActiveCfg = Debug|x86
		{3F2EC8C0-8B2C-491C-A2BF-6263E92881BE}.Debug|iPhoneSimulator.Build.0 = Debug|x86
		{3F2EC8C0-8B2C-491C-A2BF-6263E92881BE}.Debug|iPhoneSimulator.Deploy.0 = Debug|x86
		{3F2EC8C0-8B2C-491C-A2BF-6263E92881BE}.Debug|x64.ActiveCfg = Debug|x64
		{3F2EC8C0-8B2C-491C-A2BF-6263E92881BE}.Debug|x64.Build.0 = Debug|x64
		{3F2EC8C0-8B2C-491C-A2BF-6263E92881BE}.Debug|x64.Deploy.0 = Debug|x64
		{3F2EC8C0-8B2C-491C-A2BF-6263E92881BE}.Debug|x86.ActiveCfg = Debug|x86
		{3F2EC8C0-8B2C-491C-A2BF-6263E92881BE}.Debug|x86.Build.0 = Debug|x86
		{3F2EC8C0-8B2C-491C-A2BF-6263E92881BE}.Debug|x86.Deploy.0 = Debug|x86
		{3F2EC8C0-8B2C-491C-A2BF-6263E92881BE}.Release|Any CPU.ActiveCfg = Release|x86
		{3F2EC8C0-8B2C-491C-A2BF-6263E92881BE}.Release|Any CPU.Build.0 = Release|x86
		{3F2EC8C0-8B2C-491C-A2BF-6263E92881BE}.Release|Any CPU.Deploy.0 = Release|x86
		{3F2EC8C0-8B2C-491C-A2BF-6263E92881BE}.Release|ARM.ActiveCfg = Release|ARM
		{3F2EC8C0-8B2C-491C-A2BF-6263E92881BE}.Release|ARM.Build.0 = Release|ARM
		{3F2EC8C0-8B2C-491C-A2BF-6263E92881BE}.Release|ARM.Deploy.0 = Release|ARM
		{3F2EC8C0-8B2C-491C-A2BF-6263E92881BE}.Release|iPhone.ActiveCfg = Release|x86
		{3F2EC8C0-8B2C-491C-A2BF-6263E92881BE}.Release|iPhone.Build.0 = Release|x86
		{3F2EC8C0-8B2C-491C-A2BF-6263E92881BE}.Release|iPhone.Deploy.0 = Release|x86
		{3F2EC8C0-8B2C-491C-A2BF-6263E92881BE}.Release|iPhoneSimulator.ActiveCfg = Release|x86
		{3F2EC8C0-8B2C-491C-A2BF-6263E92881BE}.Release|iPhoneSimulator.Build.0 = Release|x86
		{3F2EC8C0-8B2C-491C-A2BF-6263E92881BE}.Release|iPhoneSimulator.Deploy.0 = Release|x86
		{3F2EC8C0-8B2C-491C-A2BF-6263E92881BE}.Release|x64.ActiveCfg = Release|x64
		{3F2EC8C0-8B2C-491C-A2BF-6263E92881BE}.Release|x64.Build.0 = Release|x64
		{3F2EC8C0-8B2C-491C-A2BF-6263E92881BE}.Release|x64.Deploy.0 = Release|x64
		{3F2EC8C0-8B2C-491C-A2BF-6263E92881BE}.Release|x86.ActiveCfg = Release|x86
		{3F2EC8C0-8B2C-491C-A2BF-6263E92881BE}.Release|x86.Build.0 = Release|x86
		{3F2EC8C0-8B2C-491C-A2BF-6263E92881BE}.Release|x86.Deploy.0 = Release|x86
		{F81BA63B-F46A-4973-A134-1D25DE77E672}.Ad-Hoc|Any CPU.ActiveCfg = Debug|Any CPU
		{F81BA63B-F46A-4973-A134-1D25DE77E672}.Ad-Hoc|Any CPU.Build.0 = Debug|Any CPU
		{F81BA63B-F46A-4973-A134-1D25DE77E672}.Ad-Hoc|Any CPU.Deploy.0 = Debug|Any CPU
		{F81BA63B-F46A-4973-A134-1D25DE77E672}.Ad-Hoc|ARM.ActiveCfg = Debug|Any CPU
		{F81BA63B-F46A-4973-A134-1D25DE77E672}.Ad-Hoc|ARM.Build.0 = Debug|Any CPU
		{F81BA63B-F46A-4973-A134-1D25DE77E672}.Ad-Hoc|ARM.Deploy.0 = Debug|Any CPU
		{F81BA63B-F46A-4973-A134-1D25DE77E672}.Ad-Hoc|iPhone.ActiveCfg = Debug|Any CPU
		{F81BA63B-F46A-4973-A134-1D25DE77E672}.Ad-Hoc|iPhone.Build.0 = Debug|Any CPU
		{F81BA63B-F46A-4973-A134-1D25DE77E672}.Ad-Hoc|iPhone.Deploy.0 = Debug|Any CPU
		{F81BA63B-F46A-4973-A134-1D25DE77E672}.Ad-Hoc|iPhoneSimulator.ActiveCfg = Debug|Any CPU
		{F81BA63B-F46A-4973-A134-1D25DE77E672}.Ad-Hoc|iPhoneSimulator.Build.0 = Debug|Any CPU
		{F81BA63B-F46A-4973-A134-1D25DE77E672}.Ad-Hoc|iPhoneSimulator.Deploy.0 = Debug|Any CPU
		{F81BA63B-F46A-4973-A134-1D25DE77E672}.Ad-Hoc|x64.ActiveCfg = Debug|Any CPU
		{F81BA63B-F46A-4973-A134-1D25DE77E672}.Ad-Hoc|x64.Build.0 = Debug|Any CPU
		{F81BA63B-F46A-4973-A134-1D25DE77E672}.Ad-Hoc|x64.Deploy.0 = Debug|Any CPU
		{F81BA63B-F46A-4973-A134-1D25DE77E672}.Ad-Hoc|x86.ActiveCfg = Debug|Any CPU
		{F81BA63B-F46A-4973-A134-1D25DE77E672}.Ad-Hoc|x86.Build.0 = Debug|Any CPU
		{F81BA63B-F46A-4973-A134-1D25DE77E672}.Ad-Hoc|x86.Deploy.0 = Debug|Any CPU
		{F81BA63B-F46A-4973-A134-1D25DE77E672}.AppStore|Any CPU.ActiveCfg = Debug|Any CPU
		{F81BA63B-F46A-4973-A134-1D25DE77E672}.AppStore|Any CPU.Build.0 = Debug|Any CPU
		{F81BA63B-F46A-4973-A134-1D25DE77E672}.AppStore|Any CPU.Deploy.0 = Debug|Any CPU
		{F81BA63B-F46A-4973-A134-1D25DE77E672}.AppStore|ARM.ActiveCfg = Debug|Any CPU
		{F81BA63B-F46A-4973-A134-1D25DE77E672}.AppStore|ARM.Build.0 = Debug|Any CPU
		{F81BA63B-F46A-4973-A134-1D25DE77E672}.AppStore|ARM.Deploy.0 = Debug|Any CPU
		{F81BA63B-F46A-4973-A134-1D25DE77E672}.AppStore|iPhone.ActiveCfg = Debug|Any CPU
		{F81BA63B-F46A-4973-A134-1D25DE77E672}.AppStore|iPhone.Build.0 = Debug|Any CPU
		{F81BA63B-F46A-4973-A134-1D25DE77E672}.AppStore|iPhone.Deploy.0 = Debug|Any CPU
		{F81BA63B-F46A-4973-A134-1D25DE77E672}.AppStore|iPhoneSimulator.ActiveCfg = Debug|Any CPU
		{F81BA63B-F46A-4973-A134-1D25DE77E672}.AppStore|iPhoneSimulator.Build.0 = Debug|Any CPU
		{F81BA63B-F46A-4973-A134-1D25DE77E672}.AppStore|iPhoneSimulator.Deploy.0 = Debug|Any CPU
		{F81BA63B-F46A-4973-A134-1D25DE77E672}.AppStore|x64.ActiveCfg = Debug|Any CPU
		{F81BA63B-F46A-4973-A134-1D25DE77E672}.AppStore|x64.Build.0 = Debug|Any CPU
		{F81BA63B-F46A-4973-A134-1D25DE77E672}.AppStore|x64.Deploy.0 = Debug|Any CPU
		{F81BA63B-F46A-4973-A134-1D25DE77E672}.AppStore|x86.ActiveCfg = Debug|Any CPU
		{F81BA63B-F46A-4973-A134-1D25DE77E672}.AppStore|x86.Build.0 = Debug|Any CPU
		{F81BA63B-F46A-4973-A134-1D25DE77E672}.AppStore|x86.Deploy.0 = Debug|Any CPU
		{F81BA63B-F46A-4973-A134-1D25DE77E672}.Debug|Any CPU.ActiveCfg = Debug|Any CPU
		{F81BA63B-F46A-4973-A134-1D25DE77E672}.Debug|Any CPU.Build.0 = Debug|Any CPU
		{F81BA63B-F46A-4973-A134-1D25DE77E672}.Debug|Any CPU.Deploy.0 = Debug|Any CPU
		{F81BA63B-F46A-4973-A134-1D25DE77E672}.Debug|ARM.ActiveCfg = Debug|Any CPU
		{F81BA63B-F46A-4973-A134-1D25DE77E672}.Debug|ARM.Build.0 = Debug|Any CPU
		{F81BA63B-F46A-4973-A134-1D25DE77E672}.Debug|ARM.Deploy.0 = Debug|Any CPU
		{F81BA63B-F46A-4973-A134-1D25DE77E672}.Debug|iPhone.ActiveCfg = Debug|Any CPU
		{F81BA63B-F46A-4973-A134-1D25DE77E672}.Debug|iPhone.Build.0 = Debug|Any CPU
		{F81BA63B-F46A-4973-A134-1D25DE77E672}.Debug|iPhone.Deploy.0 = Debug|Any CPU
		{F81BA63B-F46A-4973-A134-1D25DE77E672}.Debug|iPhoneSimulator.ActiveCfg = Debug|Any CPU
		{F81BA63B-F46A-4973-A134-1D25DE77E672}.Debug|iPhoneSimulator.Build.0 = Debug|Any CPU
		{F81BA63B-F46A-4973-A134-1D25DE77E672}.Debug|iPhoneSimulator.Deploy.0 = Debug|Any CPU
		{F81BA63B-F46A-4973-A134-1D25DE77E672}.Debug|x64.ActiveCfg = Debug|Any CPU
		{F81BA63B-F46A-4973-A134-1D25DE77E672}.Debug|x64.Build.0 = Debug|Any CPU
		{F81BA63B-F46A-4973-A134-1D25DE77E672}.Debug|x64.Deploy.0 = Debug|Any CPU
		{F81BA63B-F46A-4973-A134-1D25DE77E672}.Debug|x86.ActiveCfg = Debug|Any CPU
		{F81BA63B-F46A-4973-A134-1D25DE77E672}.Debug|x86.Build.0 = Debug|Any CPU
		{F81BA63B-F46A-4973-A134-1D25DE77E672}.Debug|x86.Deploy.0 = Debug|Any CPU
		{F81BA63B-F46A-4973-A134-1D25DE77E672}.Release|Any CPU.ActiveCfg = Release|Any CPU
		{F81BA63B-F46A-4973-A134-1D25DE77E672}.Release|Any CPU.Build.0 = Release|Any CPU
		{F81BA63B-F46A-4973-A134-1D25DE77E672}.Release|Any CPU.Deploy.0 = Release|Any CPU
		{F81BA63B-F46A-4973-A134-1D25DE77E672}.Release|ARM.ActiveCfg = Release|Any CPU
		{F81BA63B-F46A-4973-A134-1D25DE77E672}.Release|ARM.Build.0 = Release|Any CPU
		{F81BA63B-F46A-4973-A134-1D25DE77E672}.Release|ARM.Deploy.0 = Release|Any CPU
		{F81BA63B-F46A-4973-A134-1D25DE77E672}.Release|iPhone.ActiveCfg = Release|Any CPU
		{F81BA63B-F46A-4973-A134-1D25DE77E672}.Release|iPhone.Build.0 = Release|Any CPU
		{F81BA63B-F46A-4973-A134-1D25DE77E672}.Release|iPhone.Deploy.0 = Release|Any CPU
		{F81BA63B-F46A-4973-A134-1D25DE77E672}.Release|iPhoneSimulator.ActiveCfg = Release|Any CPU
		{F81BA63B-F46A-4973-A134-1D25DE77E672}.Release|iPhoneSimulator.Build.0 = Release|Any CPU
		{F81BA63B-F46A-4973-A134-1D25DE77E672}.Release|iPhoneSimulator.Deploy.0 = Release|Any CPU
		{F81BA63B-F46A-4973-A134-1D25DE77E672}.Release|x64.ActiveCfg = Release|Any CPU
		{F81BA63B-F46A-4973-A134-1D25DE77E672}.Release|x64.Build.0 = Release|Any CPU
		{F81BA63B-F46A-4973-A134-1D25DE77E672}.Release|x64.Deploy.0 = Release|Any CPU
		{F81BA63B-F46A-4973-A134-1D25DE77E672}.Release|x86.ActiveCfg = Release|Any CPU
		{F81BA63B-F46A-4973-A134-1D25DE77E672}.Release|x86.Build.0 = Release|Any CPU
		{F81BA63B-F46A-4973-A134-1D25DE77E672}.Release|x86.Deploy.0 = Release|Any CPU
	EndGlobalSection
	GlobalSection(SolutionProperties) = preSolution
		HideSolutionNode = FALSE
	EndGlobalSection
	GlobalSection(ExtensibilityGlobals) = postSolution
		SolutionGuid = {3B159BB7-D145-4FB6-B592-CD8BBDF0590A}
	EndGlobalSection
EndGlobal
